
Microsoft Visual Studio Solution File, Format Version 12.00
# Visual Studio Version 17
VisualStudioVersion = 17.0.31903.59
MinimumVisualStudioVersion = 10.0.40219.1
Project("{2150E333-8FDC-42A3-9474-1A3956D46DE8}") = "src", "src", "{827E0CD3-B72D-47B6-A68D-7590B98EB39B}"
EndProject
Project("{FAE04EC0-301F-11D3-BF4B-00C04F79EFBC}") = "GisServer.Core", "src\GisServer.Core\GisServer.Core.csproj", "{AE59CD1B-07DE-4CA2-AA71-8F5A609EEFA3}"
EndProject
Project("{FAE04EC0-301F-11D3-BF4B-00C04F79EFBC}") = "GisServer.Core.Tests", "tests\GisServer.Core.Tests\GisServer.Core.Tests.csproj", "{ED3663D3-06F5-4AE8-A785-E30465BE3FB6}"
EndProject
Project("{FAE04EC0-301F-11D3-BF4B-00C04F79EFBC}") = "GisServer.Architecture.Tests", "tests\GisServer.Architecture.Tests\GisServer.Architecture.Tests.csproj", "{D168D06E-5CA7-45FF-B1A4-9D90403B9D49}"
EndProject
Project("{FAE04EC0-301F-11D3-BF4B-00C04F79EFBC}") = "GisServer.Platform", "src\GisServer.Platform\GisServer.Platform.csproj", "{E9AA295E-36C5-4BB9-95F6-B25FBF8C85FE}"
EndProject
Project("{FAE04EC0-301F-11D3-BF4B-00C04F79EFBC}") = "GisServer.Platform.Tests", "tests\GisServer.Platform.Tests\GisServer.Platform.Tests.csproj", "{05D29D89-8B35-4AFC-BD49-B0725676E889}"
EndProject
Project("{FAE04EC0-301F-11D3-BF4B-00C04F79EFBC}") = "GisServer.Platform.Postgres", "src\GisServer.Platform.Postgres\GisServer.Platform.Postgres.csproj", "{16F8C45B-9B94-4847-82A1-BE63B66BC609}"
EndProject
Project("{2150E333-8FDC-42A3-9474-1A3956D46DE8}") = "tests", "tests", "{0AB3BF05-4346-4AA6-1389-037BE0695223}"
EndProject
Project("{FAE04EC0-301F-11D3-BF4B-00C04F79EFBC}") = "GisServer.Platform.Postgres.Tests", "tests\GisServer.Platform.Postgres.Tests\GisServer.Platform.Postgres.Tests.csproj", "{BB4F5784-37D6-4C0D-AC6E-3B2BB814F2D7}"
EndProject
Project("{FAE04EC0-301F-11D3-BF4B-00C04F79EFBC}") = "GisServer.Providers.PostGis", "src\GisServer.Providers.PostGis\GisServer.Providers.PostGis.csproj", "{6109E648-6658-43AE-83E3-AEECE5B9E098}"
EndProject
Project("{FAE04EC0-301F-11D3-BF4B-00C04F79EFBC}") = "GisServer.Api.ArcGis", "src\GisServer.Api.ArcGis\GisServer.Api.ArcGis.csproj", "{7D67875C-B492-4E73-927B-23838194B5BC}"
EndProject
Project("{FAE04EC0-301F-11D3-BF4B-00C04F79EFBC}") = "GisServer.Api.ArcGis.Tests", "tests\GisServer.Api.ArcGis.Tests\GisServer.Api.ArcGis.Tests.csproj", "{4973918C-4B10-4407-8A52-662D13E97286}"
EndProject
Project("{FAE04EC0-301F-11D3-BF4B-00C04F79EFBC}") = "GisServer.Host", "src\GisServer.Host\GisServer.Host.csproj", "{FE881E3C-5351-4B46-B835-9F58465AC44F}"
EndProject
Project("{FAE04EC0-301F-11D3-BF4B-00C04F79EFBC}") = "GisServer.Host.Tests", "tests\GisServer.Host.Tests\GisServer.Host.Tests.csproj", "{F4AB565F-9FC6-49BA-938A-788E2D613676}"
EndProject
Global
	GlobalSection(SolutionConfigurationPlatforms) = preSolution
		Debug|Any CPU = Debug|Any CPU
		Debug|x64 = Debug|x64
		Debug|x86 = Debug|x86
		Release|Any CPU = Release|Any CPU
		Release|x64 = Release|x64
		Release|x86 = Release|x86
	EndGlobalSection
	GlobalSection(ProjectConfigurationPlatforms) = postSolution
		{AE59CD1B-07DE-4CA2-AA71-8F5A609EEFA3}.Debug|Any CPU.ActiveCfg = Debug|Any CPU
		{AE59CD1B-07DE-4CA2-AA71-8F5A609EEFA3}.Debug|Any CPU.Build.0 = Debug|Any CPU
		{AE59CD1B-07DE-4CA2-AA71-8F5A609EEFA3}.Debug|x64.ActiveCfg = Debug|Any CPU
		{AE59CD1B-07DE-4CA2-AA71-8F5A609EEFA3}.Debug|x64.Build.0 = Debug|Any CPU
		{AE59CD1B-07DE-4CA2-AA71-8F5A609EEFA3}.Debug|x86.ActiveCfg = Debug|Any CPU
		{AE59CD1B-07DE-4CA2-AA71-8F5A609EEFA3}.Debug|x86.Build.0 = Debug|Any CPU
		{AE59CD1B-07DE-4CA2-AA71-8F5A609EEFA3}.Release|Any CPU.ActiveCfg = Release|Any CPU
		{AE59CD1B-07DE-4CA2-AA71-8F5A609EEFA3}.Release|Any CPU.Build.0 = Release|Any CPU
		{AE59CD1B-07DE-4CA2-AA71-8F5A609EEFA3}.Release|x64.ActiveCfg = Release|Any CPU
		{AE59CD1B-07DE-4CA2-AA71-8F5A609EEFA3}.Release|x64.Build.0 = Release|Any CPU
		{AE59CD1B-07DE-4CA2-AA71-8F5A609EEFA3}.Release|x86.ActiveCfg = Release|Any CPU
		{AE59CD1B-07DE-4CA2-AA71-8F5A609EEFA3}.Release|x86.Build.0 = Release|Any CPU
		{ED3663D3-06F5-4AE8-A785-E30465BE3FB6}.Debug|Any CPU.ActiveCfg = Debug|Any CPU
		{ED3663D3-06F5-4AE8-A785-E30465BE3FB6}.Debug|Any CPU.Build.0 = Debug|Any CPU
		{ED3663D3-06F5-4AE8-A785-E30465BE3FB6}.Debug|x64.ActiveCfg = Debug|Any CPU
		{ED3663D3-06F5-4AE8-A785-E30465BE3FB6}.Debug|x64.Build.0 = Debug|Any CPU
		{ED3663D3-06F5-4AE8-A785-E30465BE3FB6}.Debug|x86.ActiveCfg = Debug|Any CPU
		{ED3663D3-06F5-4AE8-A785-E30465BE3FB6}.Debug|x86.Build.0 = Debug|Any CPU
		{ED3663D3-06F5-4AE8-A785-E30465BE3FB6}.Release|Any CPU.ActiveCfg = Release|Any CPU
		{ED3663D3-06F5-4AE8-A785-E30465BE3FB6}.Release|Any CPU.Build.0 = Release|Any CPU
		{ED3663D3-06F5-4AE8-A785-E30465BE3FB6}.Release|x64.ActiveCfg = Release|Any CPU
		{ED3663D3-06F5-4AE8-A785-E30465BE3FB6}.Release|x64.Build.0 = Release|Any CPU
		{ED3663D3-06F5-4AE8-A785-E30465BE3FB6}.Release|x86.ActiveCfg = Release|Any CPU
		{ED3663D3-06F5-4AE8-A785-E30465BE3FB6}.Release|x86.Build.0 = Release|Any CPU
		{D168D06E-5CA7-45FF-B1A4-9D90403B9D49}.Debug|Any CPU.ActiveCfg = Debug|Any CPU
		{D168D06E-5CA7-45FF-B1A4-9D90403B9D49}.Debug|Any CPU.Build.0 = Debug|Any CPU
		{D168D06E-5CA7-45FF-B1A4-9D90403B9D49}.Debug|x64.ActiveCfg = Debug|Any CPU
		{D168D06E-5CA7-45FF-B1A4-9D90403B9D49}.Debug|x64.Build.0 = Debug|Any CPU
		{D168D06E-5CA7-45FF-B1A4-9D90403B9D49}.Debug|x86.ActiveCfg = Debug|Any CPU
		{D168D06E-5CA7-45FF-B1A4-9D90403B9D49}.Debug|x86.Build.0 = Debug|Any CPU
		{D168D06E-5CA7-45FF-B1A4-9D90403B9D49}.Release|Any CPU.ActiveCfg = Release|Any CPU
		{D168D06E-5CA7-45FF-B1A4-9D90403B9D49}.Release|Any CPU.Build.0 = Release|Any CPU
		{D168D06E-5CA7-45FF-B1A4-9D90403B9D49}.Release|x64.ActiveCfg = Release|Any CPU
		{D168D06E-5CA7-45FF-B1A4-9D90403B9D49}.Release|x64.Build.0 = Release|Any CPU
		{D168D06E-5CA7-45FF-B1A4-9D90403B9D49}.Release|x86.ActiveCfg = Release|Any CPU
		{D168D06E-5CA7-45FF-B1A4-9D90403B9D49}.Release|x86.Build.0 = Release|Any CPU
		{E9AA295E-36C5-4BB9-95F6-B25FBF8C85FE}.Debug|Any CPU.ActiveCfg = Debug|Any CPU
		{E9AA295E-36C5-4BB9-95F6-B25FBF8C85FE}.Debug|Any CPU.Build.0 = Debug|Any CPU
		{E9AA295E-36C5-4BB9-95F6-B25FBF8C85FE}.Debug|x64.ActiveCfg = Debug|Any CPU
		{E9AA295E-36C5-4BB9-95F6-B25FBF8C85FE}.Debug|x64.Build.0 = Debug|Any CPU
		{E9AA295E-36C5-4BB9-95F6-B25FBF8C85FE}.Debug|x86.ActiveCfg = Debug|Any CPU
		{E9AA295E-36C5-4BB9-95F6-B25FBF8C85FE}.Debug|x86.Build.0 = Debug|Any CPU
		{E9AA295E-36C5-4BB9-95F6-B25FBF8C85FE}.Release|Any CPU.ActiveCfg = Release|Any CPU
		{E9AA295E-36C5-4BB9-95F6-B25FBF8C85FE}.Release|Any CPU.Build.0 = Release|Any CPU
		{E9AA295E-36C5-4BB9-95F6-B25FBF8C85FE}.Release|x64.ActiveCfg = Release|Any CPU
		{E9AA295E-36C5-4BB9-95F6-B25FBF8C85FE}.Release|x64.Build.0 = Release|Any CPU
		{E9AA295E-36C5-4BB9-95F6-B25FBF8C85FE}.Release|x86.ActiveCfg = Release|Any CPU
		{E9AA295E-36C5-4BB9-95F6-B25FBF8C85FE}.Release|x86.Build.0 = Release|Any CPU
		{05D29D89-8B35-4AFC-BD49-B0725676E889}.Debug|Any CPU.ActiveCfg = Debug|Any CPU
		{05D29D89-8B35-4AFC-BD49-B0725676E889}.Debug|Any CPU.Build.0 = Debug|Any CPU
		{05D29D89-8B35-4AFC-BD49-B0725676E889}.Debug|x64.ActiveCfg = Debug|Any CPU
		{05D29D89-8B35-4AFC-BD49-B0725676E889}.Debug|x64.Build.0 = Debug|Any CPU
		{05D29D89-8B35-4AFC-BD49-B0725676E889}.Debug|x86.ActiveCfg = Debug|Any CPU
		{05D29D89-8B35-4AFC-BD49-B0725676E889}.Debug|x86.Build.0 = Debug|Any CPU
		{05D29D89-8B35-4AFC-BD49-B0725676E889}.Release|Any CPU.ActiveCfg = Release|Any CPU
		{05D29D89-8B35-4AFC-BD49-B0725676E889}.Release|Any CPU.Build.0 = Release|Any CPU
		{05D29D89-8B35-4AFC-BD49-B0725676E889}.Release|x64.ActiveCfg = Release|Any CPU
		{05D29D89-8B35-4AFC-BD49-B0725676E889}.Release|x64.Build.0 = Release|Any CPU
		{05D29D89-8B35-4AFC-BD49-B0725676E889}.Release|x86.ActiveCfg = Release|Any CPU
		{05D29D89-8B35-4AFC-BD49-B0725676E889}.Release|x86.Build.0 = Release|Any CPU
		{16F8C45B-9B94-4847-82A1-BE63B66BC609}.Debug|Any CPU.ActiveCfg = Debug|Any CPU
		{16F8C45B-9B94-4847-82A1-BE63B66BC609}.Debug|Any CPU.Build.0 = Debug|Any CPU
		{16F8C45B-9B94-4847-82A1-BE63B66BC609}.Debug|x64.ActiveCfg = Debug|Any CPU
		{16F8C45B-9B94-4847-82A1-BE63B66BC609}.Debug|x64.Build.0 = Debug|Any CPU
		{16F8C45B-9B94-4847-82A1-BE63B66BC609}.Debug|x86.ActiveCfg = Debug|Any CPU
		{16F8C45B-9B94-4847-82A1-BE63B66BC609}.Debug|x86.Build.0 = Debug|Any CPU
		{16F8C45B-9B94-4847-82A1-BE63B66BC609}.Release|Any CPU.ActiveCfg = Release|Any CPU
		{16F8C45B-9B94-4847-82A1-BE63B66BC609}.Release|Any CPU.Build.0 = Release|Any CPU
		{16F8C45B-9B94-4847-82A1-BE63B66BC609}.Release|x64.ActiveCfg = Release|Any CPU
		{16F8C45B-9B94-4847-82A1-BE63B66BC609}.Release|x64.Build.0 = Release|Any CPU
		{16F8C45B-9B94-4847-82A1-BE63B66BC609}.Release|x86.ActiveCfg = Release|Any CPU
		{16F8C45B-9B94-4847-82A1-BE63B66BC609}.Release|x86.Build.0 = Release|Any CPU
		{BB4F5784-37D6-4C0D-AC6E-3B2BB814F2D7}.Debug|Any CPU.ActiveCfg = Debug|Any CPU
		{BB4F5784-37D6-4C0D-AC6E-3B2BB814F2D7}.Debug|Any CPU.Build.0 = Debug|Any CPU
		{BB4F5784-37D6-4C0D-AC6E-3B2BB814F2D7}.Debug|x64.ActiveCfg = Debug|Any CPU
		{BB4F5784-37D6-4C0D-AC6E-3B2BB814F2D7}.Debug|x64.Build.0 = Debug|Any CPU
		{BB4F5784-37D6-4C0D-AC6E-3B2BB814F2D7}.Debug|x86.ActiveCfg = Debug|Any CPU
		{BB4F5784-37D6-4C0D-AC6E-3B2BB814F2D7}.Debug|x86.Build.0 = Debug|Any CPU
		{BB4F5784-37D6-4C0D-AC6E-3B2BB814F2D7}.Release|Any CPU.ActiveCfg = Release|Any CPU
		{BB4F5784-37D6-4C0D-AC6E-3B2BB814F2D7}.Release|Any CPU.Build.0 = Release|Any CPU
		{BB4F5784-37D6-4C0D-AC6E-3B2BB814F2D7}.Release|x64.ActiveCfg = Release|Any CPU
		{BB4F5784-37D6-4C0D-AC6E-3B2BB814F2D7}.Release|x64.Build.0 = Release|Any CPU
		{BB4F5784-37D6-4C0D-AC6E-3B2BB814F2D7}.Release|x86.ActiveCfg = Release|Any CPU
		{BB4F5784-37D6-4C0D-AC6E-3B2BB814F2D7}.Release|x86.Build.0 = Release|Any CPU
		{6109E648-6658-43AE-83E3-AEECE5B9E098}.Debug|Any CPU.ActiveCfg = Debug|Any CPU
		{6109E648-6658-43AE-83E3-AEECE5B9E098}.Debug|Any CPU.Build.0 = Debug|Any CPU
		{6109E648-6658-43AE-83E3-AEECE5B9E098}.Debug|x64.ActiveCfg = Debug|Any CPU
		{6109E648-6658-43AE-83E3-AEECE5B9E098}.Debug|x64.Build.0 = Debug|Any CPU
		{6109E648-6658-43AE-83E3-AEECE5B9E098}.Debug|x86.ActiveCfg = Debug|Any CPU
		{6109E648-6658-43AE-83E3-AEECE5B9E098}.Debug|x86.Build.0 = Debug|Any CPU
		{6109E648-6658-43AE-83E3-AEECE5B9E098}.Release|Any CPU.ActiveCfg = Release|Any CPU
		{6109E648-6658-43AE-83E3-AEECE5B9E098}.Release|Any CPU.Build.0 = Release|Any CPU
		{6109E648-6658-43AE-83E3-AEECE5B9E098}.Release|x64.ActiveCfg = Release|Any CPU
		{6109E648-6658-43AE-83E3-AEECE5B9E098}.Release|x64.Build.0 = Release|Any CPU
		{6109E648-6658-43AE-83E3-AEECE5B9E098}.Release|x86.ActiveCfg = Release|Any CPU
		{6109E648-6658-43AE-83E3-AEECE5B9E098}.Release|x86.Build.0 = Release|Any CPU
		{7D67875C-B492-4E73-927B-23838194B5BC}.Debug|Any CPU.ActiveCfg = Debug|Any CPU
		{7D67875C-B492-4E73-927B-23838194B5BC}.Debug|Any CPU.Build.0 = Debug|Any CPU
		{7D67875C-B492-4E73-927B-23838194B5BC}.Debug|x64.ActiveCfg = Debug|Any CPU
		{7D67875C-B492-4E73-927B-23838194B5BC}.Debug|x64.Build.0 = Debug|Any CPU
		{7D67875C-B492-4E73-927B-23838194B5BC}.Debug|x86.ActiveCfg = Debug|Any CPU
		{7D67875C-B492-4E73-927B-23838194B5BC}.Debug|x86.Build.0 = Debug|Any CPU
		{7D67875C-B492-4E73-927B-23838194B5BC}.Release|Any CPU.ActiveCfg = Release|Any CPU
		{7D67875C-B492-4E73-927B-23838194B5BC}.Release|Any CPU.Build.0 = Release|Any CPU
		{7D67875C-B492-4E73-927B-23838194B5BC}.Release|x64.ActiveCfg = Release|Any CPU
		{7D67875C-B492-4E73-927B-23838194B5BC}.Release|x64.Build.0 = Release|Any CPU
		{7D67875C-B492-4E73-927B-23838194B5BC}.Release|x86.ActiveCfg = Release|Any CPU
		{7D67875C-B492-4E73-927B-23838194B5BC}.Release|x86.Build.0 = Release|Any CPU
		{4973918C-4B10-4407-8A52-662D13E97286}.Debug|Any CPU.ActiveCfg = Debug|Any CPU
		{4973918C-4B10-4407-8A52-662D13E97286}.Debug|Any CPU.Build.0 = Debug|Any CPU
		{4973918C-4B10-4407-8A52-662D13E97286}.Debug|x64.ActiveCfg = Debug|Any CPU
		{4973918C-4B10-4407-8A52-662D13E97286}.Debug|x64.Build.0 = Debug|Any CPU
		{4973918C-4B10-4407-8A52-662D13E97286}.Debug|x86.ActiveCfg = Debug|Any CPU
		{4973918C-4B10-4407-8A52-662D13E97286}.Debug|x86.Build.0 = Debug|Any CPU
		{4973918C-4B10-4407-8A52-662D13E97286}.Release|Any CPU.ActiveCfg = Release|Any CPU
		{4973918C-4B10-4407-8A52-662D13E97286}.Release|Any CPU.Build.0 = Release|Any CPU
		{4973918C-4B10-4407-8A52-662D13E97286}.Release|x64.ActiveCfg = Release|Any CPU
		{4973918C-4B10-4407-8A52-662D13E97286}.Release|x64.Build.0 = Release|Any CPU
		{4973918C-4B10-4407-8A52-662D13E97286}.Release|x86.ActiveCfg = Release|Any CPU
		{4973918C-4B10-4407-8A52-662D13E97286}.Release|x86.Build.0 = Release|Any CPU
		{FE881E3C-5351-4B46-B835-9F58465AC44F}.Debug|Any CPU.ActiveCfg = Debug|Any CPU
		{FE881E3C-5351-4B46-B835-9F58465AC44F}.Debug|Any CPU.Build.0 = Debug|Any CPU
		{FE881E3C-5351-4B46-B835-9F58465AC44F}.Debug|x64.ActiveCfg = Debug|Any CPU
		{FE881E3C-5351-4B46-B835-9F58465AC44F}.Debug|x64.Build.0 = Debug|Any CPU
		{FE881E3C-5351-4B46-B835-9F58465AC44F}.Debug|x86.ActiveCfg = Debug|Any CPU
		{FE881E3C-5351-4B46-B835-9F58465AC44F}.Debug|x86.Build.0 = Debug|Any CPU
		{FE881E3C-5351-4B46-B835-9F58465AC44F}.Release|Any CPU.ActiveCfg = Release|Any CPU
		{FE881E3C-5351-4B46-B835-9F58465AC44F}.Release|Any CPU.Build.0 = Release|Any CPU
		{FE881E3C-5351-4B46-B835-9F58465AC44F}.Release|x64.ActiveCfg = Release|Any CPU
		{FE881E3C-5351-4B46-B835-9F58465AC44F}.Release|x64.Build.0 = Release|Any CPU
		{FE881E3C-5351-4B46-B835-9F58465AC44F}.Release|x86.ActiveCfg = Release|Any CPU
		{FE881E3C-5351-4B46-B835-9F58465AC44F}.Release|x86.Build.0 = Release|Any CPU
		{F4AB565F-9FC6-49BA-938A-788E2D613676}.Debug|Any CPU.ActiveCfg = Debug|Any CPU
		{F4AB565F-9FC6-49BA-938A-788E2D613676}.Debug|Any CPU.Build.0 = Debug|Any CPU
		{F4AB565F-9FC6-49BA-938A-788E2D613676}.Debug|x64.ActiveCfg = Debug|Any CPU
		{F4AB565F-9FC6-49BA-938A-788E2D613676}.Debug|x64.Build.0 = Debug|Any CPU
		{F4AB565F-9FC6-49BA-938A-788E2D613676}.Debug|x86.ActiveCfg = Debug|Any CPU
		{F4AB565F-9FC6-49BA-938A-788E2D613676}.Debug|x86.Build.0 = Debug|Any CPU
		{F4AB565F-9FC6-49BA-938A-788E2D613676}.Release|Any CPU.ActiveCfg = Release|Any CPU
		{F4AB565F-9FC6-49BA-938A-788E2D613676}.Release|Any CPU.Build.0 = Release|Any CPU
		{F4AB565F-9FC6-49BA-938A-788E2D613676}.Release|x64.ActiveCfg = Release|Any CPU
		{F4AB565F-9FC6-49BA-938A-788E2D613676}.Release|x64.Build.0 = Release|Any CPU
		{F4AB565F-9FC6-49BA-938A-788E2D613676}.Release|x86.ActiveCfg = Release|Any CPU
		{F4AB565F-9FC6-49BA-938A-788E2D613676}.Release|x86.Build.0 = Release|Any CPU
	EndGlobalSection
	GlobalSection(SolutionProperties) = preSolution
		HideSolutionNode = FALSE
	EndGlobalSection
	GlobalSection(NestedProjects) = preSolution
		{AE59CD1B-07DE-4CA2-AA71-8F5A609EEFA3} = {827E0CD3-B72D-47B6-A68D-7590B98EB39B}
		{ED3663D3-06F5-4AE8-A785-E30465BE3FB6} = {827E0CD3-B72D-47B6-A68D-7590B98EB39B}
		{D168D06E-5CA7-45FF-B1A4-9D90403B9D49} = {827E0CD3-B72D-47B6-A68D-7590B98EB39B}
		{E9AA295E-36C5-4BB9-95F6-B25FBF8C85FE} = {827E0CD3-B72D-47B6-A68D-7590B98EB39B}
		{05D29D89-8B35-4AFC-BD49-B0725676E889} = {827E0CD3-B72D-47B6-A68D-7590B98EB39B}
		{16F8C45B-9B94-4847-82A1-BE63B66BC609} = {827E0CD3-B72D-47B6-A68D-7590B98EB39B}
		{BB4F5784-37D6-4C0D-AC6E-3B2BB814F2D7} = {0AB3BF05-4346-4AA6-1389-037BE0695223}
		{6109E648-6658-43AE-83E3-AEECE5B9E098} = {827E0CD3-B72D-47B6-A68D-7590B98EB39B}
		{7D67875C-B492-4E73-927B-23838194B5BC} = {827E0CD3-B72D-47B6-A68D-7590B98EB39B}
		{4973918C-4B10-4407-8A52-662D13E97286} = {0AB3BF05-4346-4AA6-1389-037BE0695223}
		{FE881E3C-5351-4B46-B835-9F58465AC44F} = {827E0CD3-B72D-47B6-A68D-7590B98EB39B}
		{F4AB565F-9FC6-49BA-938A-788E2D613676} = {0AB3BF05-4346-4AA6-1389-037BE0695223}
	EndGlobalSection
EndGlobal
