
Microsoft Visual Studio Solution File, Format Version 12.00
# Visual Studio Version 17
VisualStudioVersion = 17.0.31903.59
MinimumVisualStudioVersion = 10.0.40219.1
Project("{2150E333-8FDC-42A3-9474-1A3956D46DE8}") = "src", "src", "{827E0CD3-B72D-47B6-A68D-7590B98EB39B}"
EndProject
Project("{FAE04EC0-301F-11D3-BF4B-00C04F79EFBC}") = "Graticula.Core", "src\Graticula.Core\Graticula.Core.csproj", "{AE59CD1B-07DE-4CA2-AA71-8F5A609EEFA3}"
EndProject
Project("{FAE04EC0-301F-11D3-BF4B-00C04F79EFBC}") = "Graticula.Core.Tests", "tests\Graticula.Core.Tests\Graticula.Core.Tests.csproj", "{ED3663D3-06F5-4AE8-A785-E30465BE3FB6}"
EndProject
Project("{FAE04EC0-301F-11D3-BF4B-00C04F79EFBC}") = "Graticula.Architecture.Tests", "tests\Graticula.Architecture.Tests\Graticula.Architecture.Tests.csproj", "{D168D06E-5CA7-45FF-B1A4-9D90403B9D49}"
EndProject
Project("{FAE04EC0-301F-11D3-BF4B-00C04F79EFBC}") = "Graticula.Platform", "src\Graticula.Platform\Graticula.Platform.csproj", "{E9AA295E-36C5-4BB9-95F6-B25FBF8C85FE}"
EndProject
Project("{FAE04EC0-301F-11D3-BF4B-00C04F79EFBC}") = "Graticula.Platform.Tests", "tests\Graticula.Platform.Tests\Graticula.Platform.Tests.csproj", "{05D29D89-8B35-4AFC-BD49-B0725676E889}"
EndProject
Project("{FAE04EC0-301F-11D3-BF4B-00C04F79EFBC}") = "Graticula.Platform.Postgres", "src\Graticula.Platform.Postgres\Graticula.Platform.Postgres.csproj", "{16F8C45B-9B94-4847-82A1-BE63B66BC609}"
EndProject
Project("{2150E333-8FDC-42A3-9474-1A3956D46DE8}") = "tests", "tests", "{0AB3BF05-4346-4AA6-1389-037BE0695223}"
EndProject
Project("{FAE04EC0-301F-11D3-BF4B-00C04F79EFBC}") = "Graticula.Platform.Postgres.Tests", "tests\Graticula.Platform.Postgres.Tests\Graticula.Platform.Postgres.Tests.csproj", "{BB4F5784-37D6-4C0D-AC6E-3B2BB814F2D7}"
EndProject
Project("{FAE04EC0-301F-11D3-BF4B-00C04F79EFBC}") = "Graticula.Providers.PostGis", "src\Graticula.Providers.PostGis\Graticula.Providers.PostGis.csproj", "{6109E648-6658-43AE-83E3-AEECE5B9E098}"
EndProject
Project("{FAE04EC0-301F-11D3-BF4B-00C04F79EFBC}") = "Graticula.Api.ArcGis", "src\Graticula.Api.ArcGis\Graticula.Api.ArcGis.csproj", "{7D67875C-B492-4E73-927B-23838194B5BC}"
EndProject
Project("{FAE04EC0-301F-11D3-BF4B-00C04F79EFBC}") = "Graticula.Api.ArcGis.Tests", "tests\Graticula.Api.ArcGis.Tests\Graticula.Api.ArcGis.Tests.csproj", "{4973918C-4B10-4407-8A52-662D13E97286}"
EndProject
Project("{FAE04EC0-301F-11D3-BF4B-00C04F79EFBC}") = "Graticula.Host", "src\Graticula.Host\Graticula.Host.csproj", "{FE881E3C-5351-4B46-B835-9F58465AC44F}"
EndProject
Project("{FAE04EC0-301F-11D3-BF4B-00C04F79EFBC}") = "Graticula.Host.Tests", "tests\Graticula.Host.Tests\Graticula.Host.Tests.csproj", "{F4AB565F-9FC6-49BA-938A-788E2D613676}"
EndProject
Project("{FAE04EC0-301F-11D3-BF4B-00C04F79EFBC}") = "Graticula.Security.Argon2", "src\Graticula.Security.Argon2\Graticula.Security.Argon2.csproj", "{1B9734F7-D5A0-4EE3-8F98-5B74225B4F8A}"
EndProject
Project("{FAE04EC0-301F-11D3-BF4B-00C04F79EFBC}") = "Graticula.Security.Argon2.Tests", "tests\Graticula.Security.Argon2.Tests\Graticula.Security.Argon2.Tests.csproj", "{D316FC94-0462-49BD-B3B7-017F02DFCEB1}"
EndProject
Project("{FAE04EC0-301F-11D3-BF4B-00C04F79EFBC}") = "Graticula.Conformance.Tests", "tests\Graticula.Conformance.Tests\Graticula.Conformance.Tests.csproj", "{6B6E2576-CD03-48CF-843C-65E47B30C006}"
EndProject
Project("{FAE04EC0-301F-11D3-BF4B-00C04F79EFBC}") = "Graticula.Overlay.Worker", "src\Graticula.Overlay.Worker\Graticula.Overlay.Worker.csproj", "{28FBF234-D368-4704-9F32-690F7A1C4284}"
EndProject
Project("{FAE04EC0-301F-11D3-BF4B-00C04F79EFBC}") = "Graticula.Console.Tests", "tests\Graticula.Console.Tests\Graticula.Console.Tests.csproj", "{BF9C9847-AC3F-4E81-AA0E-9C8864EB23E9}"
EndProject
Project("{FAE04EC0-301F-11D3-BF4B-00C04F79EFBC}") = "Graticula.Import.Reader", "src\Graticula.Import.Reader\Graticula.Import.Reader.csproj", "{D3A0DD09-D4F7-4B40-9D35-CA274BD5419F}"
EndProject
Project("{FAE04EC0-301F-11D3-BF4B-00C04F79EFBC}") = "Graticula.Api.Wfs", "src\Graticula.Api.Wfs\Graticula.Api.Wfs.csproj", "{B38A0A3A-ACC6-43B8-B237-52A749BAB840}"
EndProject
Project("{FAE04EC0-301F-11D3-BF4B-00C04F79EFBC}") = "Graticula.Api.Wfs.Tests", "tests\Graticula.Api.Wfs.Tests\Graticula.Api.Wfs.Tests.csproj", "{ED2170EF-12E8-4B41-A233-F4C87723D955}"
EndProject
Project("{FAE04EC0-301F-11D3-BF4B-00C04F79EFBC}") = "Graticula.Render.Skia", "src\Graticula.Render.Skia\Graticula.Render.Skia.csproj", "{1FDED5FB-8759-4110-B0C6-D754D2AC738F}"
EndProject
Project("{FAE04EC0-301F-11D3-BF4B-00C04F79EFBC}") = "Graticula.Render.Skia.Tests", "tests\Graticula.Render.Skia.Tests\Graticula.Render.Skia.Tests.csproj", "{AFCF5923-364C-4A45-8961-C7CE9B598F8F}"
EndProject
Project("{FAE04EC0-301F-11D3-BF4B-00C04F79EFBC}") = "Graticula.Api.Wms", "src\Graticula.Api.Wms\Graticula.Api.Wms.csproj", "{206838BA-F4E2-40AB-8C2B-594C087C5A9E}"
EndProject
Project("{FAE04EC0-301F-11D3-BF4B-00C04F79EFBC}") = "Graticula.Api.OgcFeatures", "src\Graticula.Api.OgcFeatures\Graticula.Api.OgcFeatures.csproj", "{BA140095-A3CB-405E-AF8F-46A6CD53D940}"
EndProject
Project("{FAE04EC0-301F-11D3-BF4B-00C04F79EFBC}") = "Graticula.Raster.Tiff", "src\Graticula.Raster.Tiff\Graticula.Raster.Tiff.csproj", "{5BE26D73-655C-4DC0-8453-E8B5F4FA7794}"
EndProject
Global
	GlobalSection(SolutionConfigurationPlatforms) = preSolution
		Debug|Any CPU = Debug|Any CPU
		Debug|x64 = Debug|x64
		Debug|x86 = Debug|x86
		Release|Any CPU = Release|Any CPU
		Release|x64 = Release|x64
		Release|x86 = Release|x86
	EndGlobalSection
	GlobalSection(ProjectConfigurationPlatforms) = postSolution
		{AE59CD1B-07DE-4CA2-AA71-8F5A609EEFA3}.Debug|Any CPU.ActiveCfg = Debug|Any CPU
		{AE59CD1B-07DE-4CA2-AA71-8F5A609EEFA3}.Debug|Any CPU.Build.0 = Debug|Any CPU
		{AE59CD1B-07DE-4CA2-AA71-8F5A609EEFA3}.Debug|x64.ActiveCfg = Debug|Any CPU
		{AE59CD1B-07DE-4CA2-AA71-8F5A609EEFA3}.Debug|x64.Build.0 = Debug|Any CPU
		{AE59CD1B-07DE-4CA2-AA71-8F5A609EEFA3}.Debug|x86.ActiveCfg = Debug|Any CPU
		{AE59CD1B-07DE-4CA2-AA71-8F5A609EEFA3}.Debug|x86.Build.0 = Debug|Any CPU
		{AE59CD1B-07DE-4CA2-AA71-8F5A609EEFA3}.Release|Any CPU.ActiveCfg = Release|Any CPU
		{AE59CD1B-07DE-4CA2-AA71-8F5A609EEFA3}.Release|Any CPU.Build.0 = Release|Any CPU
		{AE59CD1B-07DE-4CA2-AA71-8F5A609EEFA3}.Release|x64.ActiveCfg = Release|Any CPU
		{AE59CD1B-07DE-4CA2-AA71-8F5A609EEFA3}.Release|x64.Build.0 = Release|Any CPU
		{AE59CD1B-07DE-4CA2-AA71-8F5A609EEFA3}.Release|x86.ActiveCfg = Release|Any CPU
		{AE59CD1B-07DE-4CA2-AA71-8F5A609EEFA3}.Release|x86.Build.0 = Release|Any CPU
		{ED3663D3-06F5-4AE8-A785-E30465BE3FB6}.Debug|Any CPU.ActiveCfg = Debug|Any CPU
		{ED3663D3-06F5-4AE8-A785-E30465BE3FB6}.Debug|Any CPU.Build.0 = Debug|Any CPU
		{ED3663D3-06F5-4AE8-A785-E30465BE3FB6}.Debug|x64.ActiveCfg = Debug|Any CPU
		{ED3663D3-06F5-4AE8-A785-E30465BE3FB6}.Debug|x64.Build.0 = Debug|Any CPU
		{ED3663D3-06F5-4AE8-A785-E30465BE3FB6}.Debug|x86.ActiveCfg = Debug|Any CPU
		{ED3663D3-06F5-4AE8-A785-E30465BE3FB6}.Debug|x86.Build.0 = Debug|Any CPU
		{ED3663D3-06F5-4AE8-A785-E30465BE3FB6}.Release|Any CPU.ActiveCfg = Release|Any CPU
		{ED3663D3-06F5-4AE8-A785-E30465BE3FB6}.Release|Any CPU.Build.0 = Release|Any CPU
		{ED3663D3-06F5-4AE8-A785-E30465BE3FB6}.Release|x64.ActiveCfg = Release|Any CPU
		{ED3663D3-06F5-4AE8-A785-E30465BE3FB6}.Release|x64.Build.0 = Release|Any CPU
		{ED3663D3-06F5-4AE8-A785-E30465BE3FB6}.Release|x86.ActiveCfg = Release|Any CPU
		{ED3663D3-06F5-4AE8-A785-E30465BE3FB6}.Release|x86.Build.0 = Release|Any CPU
		{D168D06E-5CA7-45FF-B1A4-9D90403B9D49}.Debug|Any CPU.ActiveCfg = Debug|Any CPU
		{D168D06E-5CA7-45FF-B1A4-9D90403B9D49}.Debug|Any CPU.Build.0 = Debug|Any CPU
		{D168D06E-5CA7-45FF-B1A4-9D90403B9D49}.Debug|x64.ActiveCfg = Debug|Any CPU
		{D168D06E-5CA7-45FF-B1A4-9D90403B9D49}.Debug|x64.Build.0 = Debug|Any CPU
		{D168D06E-5CA7-45FF-B1A4-9D90403B9D49}.Debug|x86.ActiveCfg = Debug|Any CPU
		{D168D06E-5CA7-45FF-B1A4-9D90403B9D49}.Debug|x86.Build.0 = Debug|Any CPU
		{D168D06E-5CA7-45FF-B1A4-9D90403B9D49}.Release|Any CPU.ActiveCfg = Release|Any CPU
		{D168D06E-5CA7-45FF-B1A4-9D90403B9D49}.Release|Any CPU.Build.0 = Release|Any CPU
		{D168D06E-5CA7-45FF-B1A4-9D90403B9D49}.Release|x64.ActiveCfg = Release|Any CPU
		{D168D06E-5CA7-45FF-B1A4-9D90403B9D49}.Release|x64.Build.0 = Release|Any CPU
		{D168D06E-5CA7-45FF-B1A4-9D90403B9D49}.Release|x86.ActiveCfg = Release|Any CPU
		{D168D06E-5CA7-45FF-B1A4-9D90403B9D49}.Release|x86.Build.0 = Release|Any CPU
		{E9AA295E-36C5-4BB9-95F6-B25FBF8C85FE}.Debug|Any CPU.ActiveCfg = Debug|Any CPU
		{E9AA295E-36C5-4BB9-95F6-B25FBF8C85FE}.Debug|Any CPU.Build.0 = Debug|Any CPU
		{E9AA295E-36C5-4BB9-95F6-B25FBF8C85FE}.Debug|x64.ActiveCfg = Debug|Any CPU
		{E9AA295E-36C5-4BB9-95F6-B25FBF8C85FE}.Debug|x64.Build.0 = Debug|Any CPU
		{E9AA295E-36C5-4BB9-95F6-B25FBF8C85FE}.Debug|x86.ActiveCfg = Debug|Any CPU
		{E9AA295E-36C5-4BB9-95F6-B25FBF8C85FE}.Debug|x86.Build.0 = Debug|Any CPU
		{E9AA295E-36C5-4BB9-95F6-B25FBF8C85FE}.Release|Any CPU.ActiveCfg = Release|Any CPU
		{E9AA295E-36C5-4BB9-95F6-B25FBF8C85FE}.Release|Any CPU.Build.0 = Release|Any CPU
		{E9AA295E-36C5-4BB9-95F6-B25FBF8C85FE}.Release|x64.ActiveCfg = Release|Any CPU
		{E9AA295E-36C5-4BB9-95F6-B25FBF8C85FE}.Release|x64.Build.0 = Release|Any CPU
		{E9AA295E-36C5-4BB9-95F6-B25FBF8C85FE}.Release|x86.ActiveCfg = Release|Any CPU
		{E9AA295E-36C5-4BB9-95F6-B25FBF8C85FE}.Release|x86.Build.0 = Release|Any CPU
		{05D29D89-8B35-4AFC-BD49-B0725676E889}.Debug|Any CPU.ActiveCfg = Debug|Any CPU
		{05D29D89-8B35-4AFC-BD49-B0725676E889}.Debug|Any CPU.Build.0 = Debug|Any CPU
		{05D29D89-8B35-4AFC-BD49-B0725676E889}.Debug|x64.ActiveCfg = Debug|Any CPU
		{05D29D89-8B35-4AFC-BD49-B0725676E889}.Debug|x64.Build.0 = Debug|Any CPU
		{05D29D89-8B35-4AFC-BD49-B0725676E889}.Debug|x86.ActiveCfg = Debug|Any CPU
		{05D29D89-8B35-4AFC-BD49-B0725676E889}.Debug|x86.Build.0 = Debug|Any CPU
		{05D29D89-8B35-4AFC-BD49-B0725676E889}.Release|Any CPU.ActiveCfg = Release|Any CPU
		{05D29D89-8B35-4AFC-BD49-B0725676E889}.Release|Any CPU.Build.0 = Release|Any CPU
		{05D29D89-8B35-4AFC-BD49-B0725676E889}.Release|x64.ActiveCfg = Release|Any CPU
		{05D29D89-8B35-4AFC-BD49-B0725676E889}.Release|x64.Build.0 = Release|Any CPU
		{05D29D89-8B35-4AFC-BD49-B0725676E889}.Release|x86.ActiveCfg = Release|Any CPU
		{05D29D89-8B35-4AFC-BD49-B0725676E889}.Release|x86.Build.0 = Release|Any CPU
		{16F8C45B-9B94-4847-82A1-BE63B66BC609}.Debug|Any CPU.ActiveCfg = Debug|Any CPU
		{16F8C45B-9B94-4847-82A1-BE63B66BC609}.Debug|Any CPU.Build.0 = Debug|Any CPU
		{16F8C45B-9B94-4847-82A1-BE63B66BC609}.Debug|x64.ActiveCfg = Debug|Any CPU
		{16F8C45B-9B94-4847-82A1-BE63B66BC609}.Debug|x64.Build.0 = Debug|Any CPU
		{16F8C45B-9B94-4847-82A1-BE63B66BC609}.Debug|x86.ActiveCfg = Debug|Any CPU
		{16F8C45B-9B94-4847-82A1-BE63B66BC609}.Debug|x86.Build.0 = Debug|Any CPU
		{16F8C45B-9B94-4847-82A1-BE63B66BC609}.Release|Any CPU.ActiveCfg = Release|Any CPU
		{16F8C45B-9B94-4847-82A1-BE63B66BC609}.Release|Any CPU.Build.0 = Release|Any CPU
		{16F8C45B-9B94-4847-82A1-BE63B66BC609}.Release|x64.ActiveCfg = Release|Any CPU
		{16F8C45B-9B94-4847-82A1-BE63B66BC609}.Release|x64.Build.0 = Release|Any CPU
		{16F8C45B-9B94-4847-82A1-BE63B66BC609}.Release|x86.ActiveCfg = Release|Any CPU
		{16F8C45B-9B94-4847-82A1-BE63B66BC609}.Release|x86.Build.0 = Release|Any CPU
		{BB4F5784-37D6-4C0D-AC6E-3B2BB814F2D7}.Debug|Any CPU.ActiveCfg = Debug|Any CPU
		{BB4F5784-37D6-4C0D-AC6E-3B2BB814F2D7}.Debug|Any CPU.Build.0 = Debug|Any CPU
		{BB4F5784-37D6-4C0D-AC6E-3B2BB814F2D7}.Debug|x64.ActiveCfg = Debug|Any CPU
		{BB4F5784-37D6-4C0D-AC6E-3B2BB814F2D7}.Debug|x64.Build.0 = Debug|Any CPU
		{BB4F5784-37D6-4C0D-AC6E-3B2BB814F2D7}.Debug|x86.ActiveCfg = Debug|Any CPU
		{BB4F5784-37D6-4C0D-AC6E-3B2BB814F2D7}.Debug|x86.Build.0 = Debug|Any CPU
		{BB4F5784-37D6-4C0D-AC6E-3B2BB814F2D7}.Release|Any CPU.ActiveCfg = Release|Any CPU
		{BB4F5784-37D6-4C0D-AC6E-3B2BB814F2D7}.Release|Any CPU.Build.0 = Release|Any CPU
		{BB4F5784-37D6-4C0D-AC6E-3B2BB814F2D7}.Release|x64.ActiveCfg = Release|Any CPU
		{BB4F5784-37D6-4C0D-AC6E-3B2BB814F2D7}.Release|x64.Build.0 = Release|Any CPU
		{BB4F5784-37D6-4C0D-AC6E-3B2BB814F2D7}.Release|x86.ActiveCfg = Release|Any CPU
		{BB4F5784-37D6-4C0D-AC6E-3B2BB814F2D7}.Release|x86.Build.0 = Release|Any CPU
		{6109E648-6658-43AE-83E3-AEECE5B9E098}.Debug|Any CPU.ActiveCfg = Debug|Any CPU
		{6109E648-6658-43AE-83E3-AEECE5B9E098}.Debug|Any CPU.Build.0 = Debug|Any CPU
		{6109E648-6658-43AE-83E3-AEECE5B9E098}.Debug|x64.ActiveCfg = Debug|Any CPU
		{6109E648-6658-43AE-83E3-AEECE5B9E098}.Debug|x64.Build.0 = Debug|Any CPU
		{6109E648-6658-43AE-83E3-AEECE5B9E098}.Debug|x86.ActiveCfg = Debug|Any CPU
		{6109E648-6658-43AE-83E3-AEECE5B9E098}.Debug|x86.Build.0 = Debug|Any CPU
		{6109E648-6658-43AE-83E3-AEECE5B9E098}.Release|Any CPU.ActiveCfg = Release|Any CPU
		{6109E648-6658-43AE-83E3-AEECE5B9E098}.Release|Any CPU.Build.0 = Release|Any CPU
		{6109E648-6658-43AE-83E3-AEECE5B9E098}.Release|x64.ActiveCfg = Release|Any CPU
		{6109E648-6658-43AE-83E3-AEECE5B9E098}.Release|x64.Build.0 = Release|Any CPU
		{6109E648-6658-43AE-83E3-AEECE5B9E098}.Release|x86.ActiveCfg = Release|Any CPU
		{6109E648-6658-43AE-83E3-AEECE5B9E098}.Release|x86.Build.0 = Release|Any CPU
		{7D67875C-B492-4E73-927B-23838194B5BC}.Debug|Any CPU.ActiveCfg = Debug|Any CPU
		{7D67875C-B492-4E73-927B-23838194B5BC}.Debug|Any CPU.Build.0 = Debug|Any CPU
		{7D67875C-B492-4E73-927B-23838194B5BC}.Debug|x64.ActiveCfg = Debug|Any CPU
		{7D67875C-B492-4E73-927B-23838194B5BC}.Debug|x64.Build.0 = Debug|Any CPU
		{7D67875C-B492-4E73-927B-23838194B5BC}.Debug|x86.ActiveCfg = Debug|Any CPU
		{7D67875C-B492-4E73-927B-23838194B5BC}.Debug|x86.Build.0 = Debug|Any CPU
		{7D67875C-B492-4E73-927B-23838194B5BC}.Release|Any CPU.ActiveCfg = Release|Any CPU
		{7D67875C-B492-4E73-927B-23838194B5BC}.Release|Any CPU.Build.0 = Release|Any CPU
		{7D67875C-B492-4E73-927B-23838194B5BC}.Release|x64.ActiveCfg = Release|Any CPU
		{7D67875C-B492-4E73-927B-23838194B5BC}.Release|x64.Build.0 = Release|Any CPU
		{7D67875C-B492-4E73-927B-23838194B5BC}.Release|x86.ActiveCfg = Release|Any CPU
		{7D67875C-B492-4E73-927B-23838194B5BC}.Release|x86.Build.0 = Release|Any CPU
		{4973918C-4B10-4407-8A52-662D13E97286}.Debug|Any CPU.ActiveCfg = Debug|Any CPU
		{4973918C-4B10-4407-8A52-662D13E97286}.Debug|Any CPU.Build.0 = Debug|Any CPU
		{4973918C-4B10-4407-8A52-662D13E97286}.Debug|x64.ActiveCfg = Debug|Any CPU
		{4973918C-4B10-4407-8A52-662D13E97286}.Debug|x64.Build.0 = Debug|Any CPU
		{4973918C-4B10-4407-8A52-662D13E97286}.Debug|x86.ActiveCfg = Debug|Any CPU
		{4973918C-4B10-4407-8A52-662D13E97286}.Debug|x86.Build.0 = Debug|Any CPU
		{4973918C-4B10-4407-8A52-662D13E97286}.Release|Any CPU.ActiveCfg = Release|Any CPU
		{4973918C-4B10-4407-8A52-662D13E97286}.Release|Any CPU.Build.0 = Release|Any CPU
		{4973918C-4B10-4407-8A52-662D13E97286}.Release|x64.ActiveCfg = Release|Any CPU
		{4973918C-4B10-4407-8A52-662D13E97286}.Release|x64.Build.0 = Release|Any CPU
		{4973918C-4B10-4407-8A52-662D13E97286}.Release|x86.ActiveCfg = Release|Any CPU
		{4973918C-4B10-4407-8A52-662D13E97286}.Release|x86.Build.0 = Release|Any CPU
		{FE881E3C-5351-4B46-B835-9F58465AC44F}.Debug|Any CPU.ActiveCfg = Debug|Any CPU
		{FE881E3C-5351-4B46-B835-9F58465AC44F}.Debug|Any CPU.Build.0 = Debug|Any CPU
		{FE881E3C-5351-4B46-B835-9F58465AC44F}.Debug|x64.ActiveCfg = Debug|Any CPU
		{FE881E3C-5351-4B46-B835-9F58465AC44F}.Debug|x64.Build.0 = Debug|Any CPU
		{FE881E3C-5351-4B46-B835-9F58465AC44F}.Debug|x86.ActiveCfg = Debug|Any CPU
		{FE881E3C-5351-4B46-B835-9F58465AC44F}.Debug|x86.Build.0 = Debug|Any CPU
		{FE881E3C-5351-4B46-B835-9F58465AC44F}.Release|Any CPU.ActiveCfg = Release|Any CPU
		{FE881E3C-5351-4B46-B835-9F58465AC44F}.Release|Any CPU.Build.0 = Release|Any CPU
		{FE881E3C-5351-4B46-B835-9F58465AC44F}.Release|x64.ActiveCfg = Release|Any CPU
		{FE881E3C-5351-4B46-B835-9F58465AC44F}.Release|x64.Build.0 = Release|Any CPU
		{FE881E3C-5351-4B46-B835-9F58465AC44F}.Release|x86.ActiveCfg = Release|Any CPU
		{FE881E3C-5351-4B46-B835-9F58465AC44F}.Release|x86.Build.0 = Release|Any CPU
		{F4AB565F-9FC6-49BA-938A-788E2D613676}.Debug|Any CPU.ActiveCfg = Debug|Any CPU
		{F4AB565F-9FC6-49BA-938A-788E2D613676}.Debug|Any CPU.Build.0 = Debug|Any CPU
		{F4AB565F-9FC6-49BA-938A-788E2D613676}.Debug|x64.ActiveCfg = Debug|Any CPU
		{F4AB565F-9FC6-49BA-938A-788E2D613676}.Debug|x64.Build.0 = Debug|Any CPU
		{F4AB565F-9FC6-49BA-938A-788E2D613676}.Debug|x86.ActiveCfg = Debug|Any CPU
		{F4AB565F-9FC6-49BA-938A-788E2D613676}.Debug|x86.Build.0 = Debug|Any CPU
		{F4AB565F-9FC6-49BA-938A-788E2D613676}.Release|Any CPU.ActiveCfg = Release|Any CPU
		{F4AB565F-9FC6-49BA-938A-788E2D613676}.Release|Any CPU.Build.0 = Release|Any CPU
		{F4AB565F-9FC6-49BA-938A-788E2D613676}.Release|x64.ActiveCfg = Release|Any CPU
		{F4AB565F-9FC6-49BA-938A-788E2D613676}.Release|x64.Build.0 = Release|Any CPU
		{F4AB565F-9FC6-49BA-938A-788E2D613676}.Release|x86.ActiveCfg = Release|Any CPU
		{F4AB565F-9FC6-49BA-938A-788E2D613676}.Release|x86.Build.0 = Release|Any CPU
		{1B9734F7-D5A0-4EE3-8F98-5B74225B4F8A}.Debug|Any CPU.ActiveCfg = Debug|Any CPU
		{1B9734F7-D5A0-4EE3-8F98-5B74225B4F8A}.Debug|Any CPU.Build.0 = Debug|Any CPU
		{1B9734F7-D5A0-4EE3-8F98-5B74225B4F8A}.Debug|x64.ActiveCfg = Debug|Any CPU
		{1B9734F7-D5A0-4EE3-8F98-5B74225B4F8A}.Debug|x64.Build.0 = Debug|Any CPU
		{1B9734F7-D5A0-4EE3-8F98-5B74225B4F8A}.Debug|x86.ActiveCfg = Debug|Any CPU
		{1B9734F7-D5A0-4EE3-8F98-5B74225B4F8A}.Debug|x86.Build.0 = Debug|Any CPU
		{1B9734F7-D5A0-4EE3-8F98-5B74225B4F8A}.Release|Any CPU.ActiveCfg = Release|Any CPU
		{1B9734F7-D5A0-4EE3-8F98-5B74225B4F8A}.Release|Any CPU.Build.0 = Release|Any CPU
		{1B9734F7-D5A0-4EE3-8F98-5B74225B4F8A}.Release|x64.ActiveCfg = Release|Any CPU
		{1B9734F7-D5A0-4EE3-8F98-5B74225B4F8A}.Release|x64.Build.0 = Release|Any CPU
		{1B9734F7-D5A0-4EE3-8F98-5B74225B4F8A}.Release|x86.ActiveCfg = Release|Any CPU
		{1B9734F7-D5A0-4EE3-8F98-5B74225B4F8A}.Release|x86.Build.0 = Release|Any CPU
		{D316FC94-0462-49BD-B3B7-017F02DFCEB1}.Debug|Any CPU.ActiveCfg = Debug|Any CPU
		{D316FC94-0462-49BD-B3B7-017F02DFCEB1}.Debug|Any CPU.Build.0 = Debug|Any CPU
		{D316FC94-0462-49BD-B3B7-017F02DFCEB1}.Debug|x64.ActiveCfg = Debug|Any CPU
		{D316FC94-0462-49BD-B3B7-017F02DFCEB1}.Debug|x64.Build.0 = Debug|Any CPU
		{D316FC94-0462-49BD-B3B7-017F02DFCEB1}.Debug|x86.ActiveCfg = Debug|Any CPU
		{D316FC94-0462-49BD-B3B7-017F02DFCEB1}.Debug|x86.Build.0 = Debug|Any CPU
		{D316FC94-0462-49BD-B3B7-017F02DFCEB1}.Release|Any CPU.ActiveCfg = Release|Any CPU
		{D316FC94-0462-49BD-B3B7-017F02DFCEB1}.Release|Any CPU.Build.0 = Release|Any CPU
		{D316FC94-0462-49BD-B3B7-017F02DFCEB1}.Release|x64.ActiveCfg = Release|Any CPU
		{D316FC94-0462-49BD-B3B7-017F02DFCEB1}.Release|x64.Build.0 = Release|Any CPU
		{D316FC94-0462-49BD-B3B7-017F02DFCEB1}.Release|x86.ActiveCfg = Release|Any CPU
		{D316FC94-0462-49BD-B3B7-017F02DFCEB1}.Release|x86.Build.0 = Release|Any CPU
		{6B6E2576-CD03-48CF-843C-65E47B30C006}.Debug|Any CPU.ActiveCfg = Debug|Any CPU
		{6B6E2576-CD03-48CF-843C-65E47B30C006}.Debug|Any CPU.Build.0 = Debug|Any CPU
		{6B6E2576-CD03-48CF-843C-65E47B30C006}.Debug|x64.ActiveCfg = Debug|Any CPU
		{6B6E2576-CD03-48CF-843C-65E47B30C006}.Debug|x64.Build.0 = Debug|Any CPU
		{6B6E2576-CD03-48CF-843C-65E47B30C006}.Debug|x86.ActiveCfg = Debug|Any CPU
		{6B6E2576-CD03-48CF-843C-65E47B30C006}.Debug|x86.Build.0 = Debug|Any CPU
		{6B6E2576-CD03-48CF-843C-65E47B30C006}.Release|Any CPU.ActiveCfg = Release|Any CPU
		{6B6E2576-CD03-48CF-843C-65E47B30C006}.Release|Any CPU.Build.0 = Release|Any CPU
		{6B6E2576-CD03-48CF-843C-65E47B30C006}.Release|x64.ActiveCfg = Release|Any CPU
		{6B6E2576-CD03-48CF-843C-65E47B30C006}.Release|x64.Build.0 = Release|Any CPU
		{6B6E2576-CD03-48CF-843C-65E47B30C006}.Release|x86.ActiveCfg = Release|Any CPU
		{6B6E2576-CD03-48CF-843C-65E47B30C006}.Release|x86.Build.0 = Release|Any CPU
		{28FBF234-D368-4704-9F32-690F7A1C4284}.Debug|Any CPU.ActiveCfg = Debug|Any CPU
		{28FBF234-D368-4704-9F32-690F7A1C4284}.Debug|Any CPU.Build.0 = Debug|Any CPU
		{28FBF234-D368-4704-9F32-690F7A1C4284}.Debug|x64.ActiveCfg = Debug|Any CPU
		{28FBF234-D368-4704-9F32-690F7A1C4284}.Debug|x64.Build.0 = Debug|Any CPU
		{28FBF234-D368-4704-9F32-690F7A1C4284}.Debug|x86.ActiveCfg = Debug|Any CPU
		{28FBF234-D368-4704-9F32-690F7A1C4284}.Debug|x86.Build.0 = Debug|Any CPU
		{28FBF234-D368-4704-9F32-690F7A1C4284}.Release|Any CPU.ActiveCfg = Release|Any CPU
		{28FBF234-D368-4704-9F32-690F7A1C4284}.Release|Any CPU.Build.0 = Release|Any CPU
		{28FBF234-D368-4704-9F32-690F7A1C4284}.Release|x64.ActiveCfg = Release|Any CPU
		{28FBF234-D368-4704-9F32-690F7A1C4284}.Release|x64.Build.0 = Release|Any CPU
		{28FBF234-D368-4704-9F32-690F7A1C4284}.Release|x86.ActiveCfg = Release|Any CPU
		{28FBF234-D368-4704-9F32-690F7A1C4284}.Release|x86.Build.0 = Release|Any CPU
		{BF9C9847-AC3F-4E81-AA0E-9C8864EB23E9}.Debug|Any CPU.ActiveCfg = Debug|Any CPU
		{BF9C9847-AC3F-4E81-AA0E-9C8864EB23E9}.Debug|Any CPU.Build.0 = Debug|Any CPU
		{BF9C9847-AC3F-4E81-AA0E-9C8864EB23E9}.Debug|x64.ActiveCfg = Debug|Any CPU
		{BF9C9847-AC3F-4E81-AA0E-9C8864EB23E9}.Debug|x64.Build.0 = Debug|Any CPU
		{BF9C9847-AC3F-4E81-AA0E-9C8864EB23E9}.Debug|x86.ActiveCfg = Debug|Any CPU
		{BF9C9847-AC3F-4E81-AA0E-9C8864EB23E9}.Debug|x86.Build.0 = Debug|Any CPU
		{BF9C9847-AC3F-4E81-AA0E-9C8864EB23E9}.Release|Any CPU.ActiveCfg = Release|Any CPU
		{BF9C9847-AC3F-4E81-AA0E-9C8864EB23E9}.Release|Any CPU.Build.0 = Release|Any CPU
		{BF9C9847-AC3F-4E81-AA0E-9C8864EB23E9}.Release|x64.ActiveCfg = Release|Any CPU
		{BF9C9847-AC3F-4E81-AA0E-9C8864EB23E9}.Release|x64.Build.0 = Release|Any CPU
		{BF9C9847-AC3F-4E81-AA0E-9C8864EB23E9}.Release|x86.ActiveCfg = Release|Any CPU
		{BF9C9847-AC3F-4E81-AA0E-9C8864EB23E9}.Release|x86.Build.0 = Release|Any CPU
		{D3A0DD09-D4F7-4B40-9D35-CA274BD5419F}.Debug|Any CPU.ActiveCfg = Debug|Any CPU
		{D3A0DD09-D4F7-4B40-9D35-CA274BD5419F}.Debug|Any CPU.Build.0 = Debug|Any CPU
		{D3A0DD09-D4F7-4B40-9D35-CA274BD5419F}.Debug|x64.ActiveCfg = Debug|Any CPU
		{D3A0DD09-D4F7-4B40-9D35-CA274BD5419F}.Debug|x64.Build.0 = Debug|Any CPU
		{D3A0DD09-D4F7-4B40-9D35-CA274BD5419F}.Debug|x86.ActiveCfg = Debug|Any CPU
		{D3A0DD09-D4F7-4B40-9D35-CA274BD5419F}.Debug|x86.Build.0 = Debug|Any CPU
		{D3A0DD09-D4F7-4B40-9D35-CA274BD5419F}.Release|Any CPU.ActiveCfg = Release|Any CPU
		{D3A0DD09-D4F7-4B40-9D35-CA274BD5419F}.Release|Any CPU.Build.0 = Release|Any CPU
		{D3A0DD09-D4F7-4B40-9D35-CA274BD5419F}.Release|x64.ActiveCfg = Release|Any CPU
		{D3A0DD09-D4F7-4B40-9D35-CA274BD5419F}.Release|x64.Build.0 = Release|Any CPU
		{D3A0DD09-D4F7-4B40-9D35-CA274BD5419F}.Release|x86.ActiveCfg = Release|Any CPU
		{D3A0DD09-D4F7-4B40-9D35-CA274BD5419F}.Release|x86.Build.0 = Release|Any CPU
		{B38A0A3A-ACC6-43B8-B237-52A749BAB840}.Debug|Any CPU.ActiveCfg = Debug|Any CPU
		{B38A0A3A-ACC6-43B8-B237-52A749BAB840}.Debug|Any CPU.Build.0 = Debug|Any CPU
		{B38A0A3A-ACC6-43B8-B237-52A749BAB840}.Debug|x64.ActiveCfg = Debug|Any CPU
		{B38A0A3A-ACC6-43B8-B237-52A749BAB840}.Debug|x64.Build.0 = Debug|Any CPU
		{B38A0A3A-ACC6-43B8-B237-52A749BAB840}.Debug|x86.ActiveCfg = Debug|Any CPU
		{B38A0A3A-ACC6-43B8-B237-52A749BAB840}.Debug|x86.Build.0 = Debug|Any CPU
		{B38A0A3A-ACC6-43B8-B237-52A749BAB840}.Release|Any CPU.ActiveCfg = Release|Any CPU
		{B38A0A3A-ACC6-43B8-B237-52A749BAB840}.Release|Any CPU.Build.0 = Release|Any CPU
		{B38A0A3A-ACC6-43B8-B237-52A749BAB840}.Release|x64.ActiveCfg = Release|Any CPU
		{B38A0A3A-ACC6-43B8-B237-52A749BAB840}.Release|x64.Build.0 = Release|Any CPU
		{B38A0A3A-ACC6-43B8-B237-52A749BAB840}.Release|x86.ActiveCfg = Release|Any CPU
		{B38A0A3A-ACC6-43B8-B237-52A749BAB840}.Release|x86.Build.0 = Release|Any CPU
		{ED2170EF-12E8-4B41-A233-F4C87723D955}.Debug|Any CPU.ActiveCfg = Debug|Any CPU
		{ED2170EF-12E8-4B41-A233-F4C87723D955}.Debug|Any CPU.Build.0 = Debug|Any CPU
		{ED2170EF-12E8-4B41-A233-F4C87723D955}.Debug|x64.ActiveCfg = Debug|Any CPU
		{ED2170EF-12E8-4B41-A233-F4C87723D955}.Debug|x64.Build.0 = Debug|Any CPU
		{ED2170EF-12E8-4B41-A233-F4C87723D955}.Debug|x86.ActiveCfg = Debug|Any CPU
		{ED2170EF-12E8-4B41-A233-F4C87723D955}.Debug|x86.Build.0 = Debug|Any CPU
		{ED2170EF-12E8-4B41-A233-F4C87723D955}.Release|Any CPU.ActiveCfg = Release|Any CPU
		{ED2170EF-12E8-4B41-A233-F4C87723D955}.Release|Any CPU.Build.0 = Release|Any CPU
		{ED2170EF-12E8-4B41-A233-F4C87723D955}.Release|x64.ActiveCfg = Release|Any CPU
		{ED2170EF-12E8-4B41-A233-F4C87723D955}.Release|x64.Build.0 = Release|Any CPU
		{ED2170EF-12E8-4B41-A233-F4C87723D955}.Release|x86.ActiveCfg = Release|Any CPU
		{ED2170EF-12E8-4B41-A233-F4C87723D955}.Release|x86.Build.0 = Release|Any CPU
		{1FDED5FB-8759-4110-B0C6-D754D2AC738F}.Debug|Any CPU.ActiveCfg = Debug|Any CPU
		{1FDED5FB-8759-4110-B0C6-D754D2AC738F}.Debug|Any CPU.Build.0 = Debug|Any CPU
		{1FDED5FB-8759-4110-B0C6-D754D2AC738F}.Debug|x64.ActiveCfg = Debug|Any CPU
		{1FDED5FB-8759-4110-B0C6-D754D2AC738F}.Debug|x64.Build.0 = Debug|Any CPU
		{1FDED5FB-8759-4110-B0C6-D754D2AC738F}.Debug|x86.ActiveCfg = Debug|Any CPU
		{1FDED5FB-8759-4110-B0C6-D754D2AC738F}.Debug|x86.Build.0 = Debug|Any CPU
		{1FDED5FB-8759-4110-B0C6-D754D2AC738F}.Release|Any CPU.ActiveCfg = Release|Any CPU
		{1FDED5FB-8759-4110-B0C6-D754D2AC738F}.Release|Any CPU.Build.0 = Release|Any CPU
		{1FDED5FB-8759-4110-B0C6-D754D2AC738F}.Release|x64.ActiveCfg = Release|Any CPU
		{1FDED5FB-8759-4110-B0C6-D754D2AC738F}.Release|x64.Build.0 = Release|Any CPU
		{1FDED5FB-8759-4110-B0C6-D754D2AC738F}.Release|x86.ActiveCfg = Release|Any CPU
		{1FDED5FB-8759-4110-B0C6-D754D2AC738F}.Release|x86.Build.0 = Release|Any CPU
		{AFCF5923-364C-4A45-8961-C7CE9B598F8F}.Debug|Any CPU.ActiveCfg = Debug|Any CPU
		{AFCF5923-364C-4A45-8961-C7CE9B598F8F}.Debug|Any CPU.Build.0 = Debug|Any CPU
		{AFCF5923-364C-4A45-8961-C7CE9B598F8F}.Debug|x64.ActiveCfg = Debug|Any CPU
		{AFCF5923-364C-4A45-8961-C7CE9B598F8F}.Debug|x64.Build.0 = Debug|Any CPU
		{AFCF5923-364C-4A45-8961-C7CE9B598F8F}.Debug|x86.ActiveCfg = Debug|Any CPU
		{AFCF5923-364C-4A45-8961-C7CE9B598F8F}.Debug|x86.Build.0 = Debug|Any CPU
		{AFCF5923-364C-4A45-8961-C7CE9B598F8F}.Release|Any CPU.ActiveCfg = Release|Any CPU
		{AFCF5923-364C-4A45-8961-C7CE9B598F8F}.Release|Any CPU.Build.0 = Release|Any CPU
		{AFCF5923-364C-4A45-8961-C7CE9B598F8F}.Release|x64.ActiveCfg = Release|Any CPU
		{AFCF5923-364C-4A45-8961-C7CE9B598F8F}.Release|x64.Build.0 = Release|Any CPU
		{AFCF5923-364C-4A45-8961-C7CE9B598F8F}.Release|x86.ActiveCfg = Release|Any CPU
		{AFCF5923-364C-4A45-8961-C7CE9B598F8F}.Release|x86.Build.0 = Release|Any CPU
		{206838BA-F4E2-40AB-8C2B-594C087C5A9E}.Debug|Any CPU.ActiveCfg = Debug|Any CPU
		{206838BA-F4E2-40AB-8C2B-594C087C5A9E}.Debug|Any CPU.Build.0 = Debug|Any CPU
		{206838BA-F4E2-40AB-8C2B-594C087C5A9E}.Debug|x64.ActiveCfg = Debug|Any CPU
		{206838BA-F4E2-40AB-8C2B-594C087C5A9E}.Debug|x64.Build.0 = Debug|Any CPU
		{206838BA-F4E2-40AB-8C2B-594C087C5A9E}.Debug|x86.ActiveCfg = Debug|Any CPU
		{206838BA-F4E2-40AB-8C2B-594C087C5A9E}.Debug|x86.Build.0 = Debug|Any CPU
		{206838BA-F4E2-40AB-8C2B-594C087C5A9E}.Release|Any CPU.ActiveCfg = Release|Any CPU
		{206838BA-F4E2-40AB-8C2B-594C087C5A9E}.Release|Any CPU.Build.0 = Release|Any CPU
		{206838BA-F4E2-40AB-8C2B-594C087C5A9E}.Release|x64.ActiveCfg = Release|Any CPU
		{206838BA-F4E2-40AB-8C2B-594C087C5A9E}.Release|x64.Build.0 = Release|Any CPU
		{206838BA-F4E2-40AB-8C2B-594C087C5A9E}.Release|x86.ActiveCfg = Release|Any CPU
		{206838BA-F4E2-40AB-8C2B-594C087C5A9E}.Release|x86.Build.0 = Release|Any CPU
		{BA140095-A3CB-405E-AF8F-46A6CD53D940}.Debug|Any CPU.ActiveCfg = Debug|Any CPU
		{BA140095-A3CB-405E-AF8F-46A6CD53D940}.Debug|Any CPU.Build.0 = Debug|Any CPU
		{BA140095-A3CB-405E-AF8F-46A6CD53D940}.Debug|x64.ActiveCfg = Debug|Any CPU
		{BA140095-A3CB-405E-AF8F-46A6CD53D940}.Debug|x64.Build.0 = Debug|Any CPU
		{BA140095-A3CB-405E-AF8F-46A6CD53D940}.Debug|x86.ActiveCfg = Debug|Any CPU
		{BA140095-A3CB-405E-AF8F-46A6CD53D940}.Debug|x86.Build.0 = Debug|Any CPU
		{BA140095-A3CB-405E-AF8F-46A6CD53D940}.Release|Any CPU.ActiveCfg = Release|Any CPU
		{BA140095-A3CB-405E-AF8F-46A6CD53D940}.Release|Any CPU.Build.0 = Release|Any CPU
		{BA140095-A3CB-405E-AF8F-46A6CD53D940}.Release|x64.ActiveCfg = Release|Any CPU
		{BA140095-A3CB-405E-AF8F-46A6CD53D940}.Release|x64.Build.0 = Release|Any CPU
		{BA140095-A3CB-405E-AF8F-46A6CD53D940}.Release|x86.ActiveCfg = Release|Any CPU
		{BA140095-A3CB-405E-AF8F-46A6CD53D940}.Release|x86.Build.0 = Release|Any CPU
		{5BE26D73-655C-4DC0-8453-E8B5F4FA7794}.Debug|Any CPU.ActiveCfg = Debug|Any CPU
		{5BE26D73-655C-4DC0-8453-E8B5F4FA7794}.Debug|Any CPU.Build.0 = Debug|Any CPU
		{5BE26D73-655C-4DC0-8453-E8B5F4FA7794}.Debug|x64.ActiveCfg = Debug|Any CPU
		{5BE26D73-655C-4DC0-8453-E8B5F4FA7794}.Debug|x64.Build.0 = Debug|Any CPU
		{5BE26D73-655C-4DC0-8453-E8B5F4FA7794}.Debug|x86.ActiveCfg = Debug|Any CPU
		{5BE26D73-655C-4DC0-8453-E8B5F4FA7794}.Debug|x86.Build.0 = Debug|Any CPU
		{5BE26D73-655C-4DC0-8453-E8B5F4FA7794}.Release|Any CPU.ActiveCfg = Release|Any CPU
		{5BE26D73-655C-4DC0-8453-E8B5F4FA7794}.Release|Any CPU.Build.0 = Release|Any CPU
		{5BE26D73-655C-4DC0-8453-E8B5F4FA7794}.Release|x64.ActiveCfg = Release|Any CPU
		{5BE26D73-655C-4DC0-8453-E8B5F4FA7794}.Release|x64.Build.0 = Release|Any CPU
		{5BE26D73-655C-4DC0-8453-E8B5F4FA7794}.Release|x86.ActiveCfg = Release|Any CPU
		{5BE26D73-655C-4DC0-8453-E8B5F4FA7794}.Release|x86.Build.0 = Release|Any CPU
	EndGlobalSection
	GlobalSection(SolutionProperties) = preSolution
		HideSolutionNode = FALSE
	EndGlobalSection
	GlobalSection(NestedProjects) = preSolution
		{AE59CD1B-07DE-4CA2-AA71-8F5A609EEFA3} = {827E0CD3-B72D-47B6-A68D-7590B98EB39B}
		{ED3663D3-06F5-4AE8-A785-E30465BE3FB6} = {827E0CD3-B72D-47B6-A68D-7590B98EB39B}
		{D168D06E-5CA7-45FF-B1A4-9D90403B9D49} = {827E0CD3-B72D-47B6-A68D-7590B98EB39B}
		{E9AA295E-36C5-4BB9-95F6-B25FBF8C85FE} = {827E0CD3-B72D-47B6-A68D-7590B98EB39B}
		{05D29D89-8B35-4AFC-BD49-B0725676E889} = {827E0CD3-B72D-47B6-A68D-7590B98EB39B}
		{16F8C45B-9B94-4847-82A1-BE63B66BC609} = {827E0CD3-B72D-47B6-A68D-7590B98EB39B}
		{BB4F5784-37D6-4C0D-AC6E-3B2BB814F2D7} = {0AB3BF05-4346-4AA6-1389-037BE0695223}
		{6109E648-6658-43AE-83E3-AEECE5B9E098} = {827E0CD3-B72D-47B6-A68D-7590B98EB39B}
		{7D67875C-B492-4E73-927B-23838194B5BC} = {827E0CD3-B72D-47B6-A68D-7590B98EB39B}
		{4973918C-4B10-4407-8A52-662D13E97286} = {0AB3BF05-4346-4AA6-1389-037BE0695223}
		{FE881E3C-5351-4B46-B835-9F58465AC44F} = {827E0CD3-B72D-47B6-A68D-7590B98EB39B}
		{F4AB565F-9FC6-49BA-938A-788E2D613676} = {0AB3BF05-4346-4AA6-1389-037BE0695223}
		{1B9734F7-D5A0-4EE3-8F98-5B74225B4F8A} = {827E0CD3-B72D-47B6-A68D-7590B98EB39B}
		{D316FC94-0462-49BD-B3B7-017F02DFCEB1} = {0AB3BF05-4346-4AA6-1389-037BE0695223}
		{6B6E2576-CD03-48CF-843C-65E47B30C006} = {0AB3BF05-4346-4AA6-1389-037BE0695223}
		{28FBF234-D368-4704-9F32-690F7A1C4284} = {827E0CD3-B72D-47B6-A68D-7590B98EB39B}
		{BF9C9847-AC3F-4E81-AA0E-9C8864EB23E9} = {0AB3BF05-4346-4AA6-1389-037BE0695223}
		{D3A0DD09-D4F7-4B40-9D35-CA274BD5419F} = {827E0CD3-B72D-47B6-A68D-7590B98EB39B}
		{B38A0A3A-ACC6-43B8-B237-52A749BAB840} = {827E0CD3-B72D-47B6-A68D-7590B98EB39B}
		{ED2170EF-12E8-4B41-A233-F4C87723D955} = {0AB3BF05-4346-4AA6-1389-037BE0695223}
		{1FDED5FB-8759-4110-B0C6-D754D2AC738F} = {827E0CD3-B72D-47B6-A68D-7590B98EB39B}
		{AFCF5923-364C-4A45-8961-C7CE9B598F8F} = {0AB3BF05-4346-4AA6-1389-037BE0695223}
		{206838BA-F4E2-40AB-8C2B-594C087C5A9E} = {827E0CD3-B72D-47B6-A68D-7590B98EB39B}
		{BA140095-A3CB-405E-AF8F-46A6CD53D940} = {827E0CD3-B72D-47B6-A68D-7590B98EB39B}
		{5BE26D73-655C-4DC0-8453-E8B5F4FA7794} = {827E0CD3-B72D-47B6-A68D-7590B98EB39B}
	EndGlobalSection
EndGlobal
